{
  "version": 4,
  "terraform_version": "1.3.4",
  "serial": 4,
  "lineage": "e6d857e8-f1e2-c163-cb27-e7a2e1c3ea23",
  "outputs": {},
  "resources": [
    {
      "mode": "managed",
      "type": "digitalocean_droplet",
      "name": "QND30",
      "provider": "provider[\"registry.terraform.io/digitalocean/digitalocean\"]",
      "instances": [
        {
          "schema_version": 1,
          "attributes": {
            "backups": false,
            "created_at": "2023-05-09T18:26:18Z",
            "disk": 25,
            "droplet_agent": null,
            "graceful_shutdown": false,
            "id": "354530220",
            "image": "ubuntu-22-04-x64",
            "ipv4_address": "144.126.221.213",
            "ipv4_address_private": "10.124.0.3",
            "ipv6": false,
            "ipv6_address": "",
            "locked": false,
            "memory": 1024,
            "monitoring": false,
            "name": "QND30",
            "price_hourly": 0.00893,
            "price_monthly": 6,
            "private_networking": true,
            "region": "sfo3",
            "resize_disk": true,
            "size": "s-1vcpu-1gb",
            "ssh_keys": [
              "d4:cb:86:d4:cb:59:64:4e:80:c9:5d:60:00:bf:ec:86"
            ],
            "status": "active",
            "tags": null,
            "timeouts": null,
            "urn": "do:droplet:354530220",
            "user_data": "f9537303633be9aedc59df2413038857c4a22dbf",
            "vcpus": 1,
            "volume_ids": [],
            "vpc_uuid": "970fddd7-9e69-48d6-8ae6-ae26bb6be1ba"
          },
          "sensitive_attributes": [],
          "private": "eyJlMmJmYjczMC1lY2FhLTExZTYtOGY4OC0zNDM2M2JjN2M0YzAiOnsiY3JlYXRlIjozNjAwMDAwMDAwMDAwLCJkZWxldGUiOjYwMDAwMDAwMDAwLCJ1cGRhdGUiOjM2MDAwMDAwMDAwMDB9LCJzY2hlbWFfdmVyc2lvbiI6IjEifQ==",
          "dependencies": [
            "digitalocean_ssh_key.qnd30"
          ]
        }
      ]
    },
    {
      "mode": "managed",
      "type": "digitalocean_record",
      "name": "www",
      "provider": "provider[\"registry.terraform.io/digitalocean/digitalocean\"]",
      "instances": []
    },
    {
      "mode": "managed",
      "type": "digitalocean_ssh_key",
      "name": "qnd30",
      "provider": "provider[\"registry.terraform.io/digitalocean/digitalocean\"]",
      "instances": [
        {
          "schema_version": 0,
          "attributes": {
            "fingerprint": "d4:cb:86:d4:cb:59:64:4e:80:c9:5d:60:00:bf:ec:86",
            "id": "38266433",
            "name": "qnd30",
            "public_key": "ssh-rsa AAAAB3NzaC1yc2EAAAADAQABAAABgQDZubo7seISuKkM2ySBQ9mC01eDgbq+CE2Cl8BhJOqmmqkldcjDrjlpE1yKjoT5uc8erDxwJVnVDV1fvDXYL6qvw1+eZuM/ft34NGCmyAt0lS6BmnxjI5J83SKEW2qxSUWLIoXo3MJYvVT2mBZ+9UtzV5ANWf+pjqX74V0x65lmFl6TzqwdYHcZvHMGDUdLDDZMWVdBEPOQswHReHsWSY1fGjvjHr7AC/DU3vlXMxOazeJMb1ic9U/Gx4E1OaPPMHW7A8nOoH8y09xeSMPf05u34YuiBcs9apD5OJtLGt9XWJlC6OGeC/KtbgMlIU++8nTUfVfP83q3y5lHtaKg2RonthY3/HyBte7KgrRy7iby33Wm12Bmsw8vcCHXrH5lZPApX1G7QhzwyfgAEyHRFvvkqjyEBIPIixzVE23VKvVFgrOZuRlsx9qyD9bWPDhh5LkLHOhJUkJK1Io7PmvPpBdiS0g9KjraYEzUibvXNrQVFawnpxljFwcW3nPfHZhDhy8= smartquail@MacBook-Air-de-smartquail.local"
          },
          "sensitive_attributes": [],
          "private": "bnVsbA=="
        }
      ]
    }
  ],
  "check_results": null
}
